
Microsoft Visual Studio Solution File, Format Version 12.00
# Visual Studio Version 16
VisualStudioVersion = 16.0.30413.136
MinimumVisualStudioVersion = 10.0.40219.1
Project("{FAE04EC0-301F-11D3-BF4B-00C04F79EFBC}") = "Tickets", "Tickets\Tickets.csproj", "{9CE29683-C8F8-4426-80A5-608C6104675D}"
EndProject
Global
	GlobalSection(SolutionConfigurationPlatforms) = preSolution
		Debug|Any CPU = Debug|Any CPU
		Release|Any CPU = Release|Any CPU
	EndGlobalSection
	GlobalSection(ProjectConfigurationPlatforms) = postSolution
		{9CE29683-C8F8-4426-80A5-608C6104675D}.Debug|Any CPU.ActiveCfg = Debug|Any CPU
		{9CE29683-C8F8-4426-80A5-608C6104675D}.Debug|Any CPU.Build.0 = Debug|Any CPU
		{9CE29683-C8F8-4426-80A5-608C6104675D}.Release|Any CPU.ActiveCfg = Release|Any CPU
		{9CE29683-C8F8-4426-80A5-608C6104675D}.Release|Any CPU.Build.0 = Release|Any CPU
	EndGlobalSection
	GlobalSection(SolutionProperties) = preSolution
		HideSolutionNode = FALSE
	EndGlobalSection
	GlobalSection(ExtensibilityGlobals) = postSolution
		SolutionGuid = {F646E73A-3FB3-42D5-A3E8-92E3A07EFDF5}
	EndGlobalSection
EndGlobal
